{
  "name": "daniil-nametest",
  "version": "1.0.0",
  "lockfileVersion": 3,
  "requires": true,
  "packages": {
    "": {
      "name": "daniil-nametest",
      "version": "1.0.0",
      "license": "ISC",
      "dependencies": {
        "daniil-nametest": "^1.0.0"
      }
    },
    "node_modules/daniil-nametest": {
      "version": "1.0.0",
      "resolved": "https://registry.npmjs.org/daniil-nametest/-/daniil-nametest-1.0.0.tgz",
      "integrity": "sha512-WrGwRTdSS+Ez5e69rIaniynWtRSoN/LZBhsJwKfeAuji/LzE0ATJ67nUzfeHWTsHs3aMi9ppFJ8pbG0RK1GODg=="
    }
  }
}
